PODS:
  - Crashlytics (3.12.0):
    - Fabric (~> 1.9.0)
  - Fabric (1.9.0)
  - Instabug (8.2.1)
  - ReachabilitySwift (4.3.1)
  - Realm (3.14.0):
    - Realm/Headers (= 3.14.0)
  - Realm/Headers (3.14.0)
  - RealmSwift (3.14.0):
    - Realm (= 3.14.0)
  - SwiftyJSON (4.2.0)

DEPENDENCIES:
  - Crashlytics
  - Fabric
  - Instabug
  - ReachabilitySwift
  - RealmSwift (~> 3.14)
  - SwiftyJSON (~> 4.0)

SPEC REPOS:
  https://github.com/cocoapods/specs.git:
    - Crashlytics
    - Fabric
    - Instabug
    - ReachabilitySwift
    - Realm
    - RealmSwift
    - SwiftyJSON

SPEC CHECKSUMS:
  Crashlytics: 07fb167b1694128c1c9a5a5cc319b0e9c3ca0933
  Fabric: f988e33c97f08930a413e08123064d2e5f68d655
  Instabug: 93bc665528feccef82bf14b6d8747a902afd5bd5
  ReachabilitySwift: 4032e2f59586e11e3b0ebe15b167abdd587a388b
  Realm: 221b25919bb5a010a3c597d707f8df3492dcd93a
  RealmSwift: 28f22dfa6a27b9a778cfb09471558b6afcf1022c
  SwiftyJSON: c4bcba26dd9ec7a027fc8eade48e2c911f229e96

PODFILE CHECKSUM: 6bfd696a18a773aa50b9b7eea475156d0eb4ad2d

COCOAPODS: 1.6.1
