// !$*UTF8*$!
{
	archiveVersion = 1;
	classes = {
	};
	objectVersion = 50;
	objects = {

/* Begin PBXBuildFile section */
		8441EFD6224AEA4700380281 /* AppDelegate.swift in Sources */ = {isa = PBXBuildFile; fileRef = 8441EFD5224AEA4700380281 /* AppDelegate.swift */; };
		8441EFD8224AEA4700380281 /* ViewController.swift in Sources */ = {isa = PBXBuildFile; fileRef = 8441EFD7224AEA4700380281 /* ViewController.swift */; };
		8441EFDB224AEA4700380281 /* Main.storyboard in Resources */ = {isa = PBXBuildFile; fileRef = 8441EFD9224AEA4700380281 /* Main.storyboard */; };
		8441EFDD224AEA4800380281 /* Assets.xcassets in Resources */ = {isa = PBXBuildFile; fileRef = 8441EFDC224AEA4800380281 /* Assets.xcassets */; };
		8441EFE0224AEA4800380281 /* LaunchScreen.storyboard in Resources */ = {isa = PBXBuildFile; fileRef = 8441EFDE224AEA4800380281 /* LaunchScreen.storyboard */; };
		8441EFEB224AEA4800380281 /* __buttonUITests.swift in Sources */ = {isa = PBXBuildFile; fileRef = 8441EFEA224AEA4800380281 /* __buttonUITests.swift */; };
/* End PBXBuildFile section */

/* Begin PBXContainerItemProxy section */
		8441EFE7224AEA4800380281 /* PBXContainerItemProxy */ = {
			isa = PBXContainerItemProxy;
			containerPortal = 8441EFCA224AEA4700380281 /* Project object */;
			proxyType = 1;
			remoteGlobalIDString = 8441EFD1224AEA4700380281;
			remoteInfo = "4-button";
		};
/* End PBXContainerItemProxy section */

/* Begin PBXFileReference section */
		8441EFD2224AEA4700380281 /* 4-button.app */ = {isa = PBXFileReference; explicitFileType = wrapper.application; includeInIndex = 0; path = "4-button.app"; sourceTree = BUILT_PRODUCTS_DIR; };
		8441EFD5224AEA4700380281 /* AppDelegate.swift */ = {isa = PBXFileReference; lastKnownFileType = sourcecode.swift; path = AppDelegate.swift; sourceTree = "<group>"; };
		8441EFD7224AEA4700380281 /* ViewController.swift */ = {isa = PBXFileReference; lastKnownFileType = sourcecode.swift; path = ViewController.swift; sourceTree = "<group>"; };
		8441EFDA224AEA4700380281 /* Base */ = {isa = PBXFileReference; lastKnownFileType = file.storyboard; name = Base; path = Base.lproj/Main.storyboard; sourceTree = "<group>"; };
		8441EFDC224AEA4800380281 /* Assets.xcassets */ = {isa = PBXFileReference; lastKnownFileType = folder.assetcatalog; path = Assets.xcassets; sourceTree = "<group>"; };
		8441EFDF224AEA4800380281 /* Base */ = {isa = PBXFileReference; lastKnownFileType = file.storyboard; name = Base; path = Base.lproj/LaunchScreen.storyboard; sourceTree = "<group>"; };
		8441EFE1224AEA4800380281 /* Info.plist */ = {isa = PBXFileReference; lastKnownFileType = text.plist.xml; path = Info.plist; sourceTree = "<group>"; };
		8441EFE6224AEA4800380281 /* 4-buttonUITests.xctest */ = {isa = PBXFileReference; explicitFileType = wrapper.cfbundle; includeInIndex = 0; path = "4-buttonUITests.xctest"; sourceTree = BUILT_PRODUCTS_DIR; };
		8441EFEA224AEA4800380281 /* __buttonUITests.swift */ = {isa = PBXFileReference; lastKnownFileType = sourcecode.swift; path = __buttonUITests.swift; sourceTree = "<group>"; };
		8441EFEC224AEA4800380281 /* Info.plist */ = {isa = PBXFileReference; lastKnownFileType = text.plist.xml; path = Info.plist; sourceTree = "<group>"; };
/* End PBXFileReference section */

/* Begin PBXFrameworksBuildPhase section */
		8441EFCF224AEA4700380281 /* Frameworks */ = {
			isa = PBXFrameworksBuildPhase;
			buildActionMask = 2147483647;
			files = (
			);
			runOnlyForDeploymentPostprocessing = 0;
		};
		8441EFE3224AEA4800380281 /* Frameworks */ = {
			isa = PBXFrameworksBuildPhase;
			buildActionMask = 2147483647;
			files = (
			);
			runOnlyForDeploymentPostprocessing = 0;
		};
/* End PBXFrameworksBuildPhase section */

/* Begin PBXGroup section */
		8441EFC9224AEA4700380281 = {
			isa = PBXGroup;
			children = (
				8441EFD4224AEA4700380281 /* 4-button */,
				8441EFE9224AEA4800380281 /* 4-buttonUITests */,
				8441EFD3224AEA4700380281 /* Products */,
			);
			sourceTree = "<group>";
		};
		8441EFD3224AEA4700380281 /* Products */ = {
			isa = PBXGroup;
			children = (
				8441EFD2224AEA4700380281 /* 4-button.app */,
				8441EFE6224AEA4800380281 /* 4-buttonUITests.xctest */,
			);
			name = Products;
			sourceTree = "<group>";
		};
		8441EFD4224AEA4700380281 /* 4-button */ = {
			isa = PBXGroup;
			children = (
				8441EFD5224AEA4700380281 /* AppDelegate.swift */,
				8441EFD7224AEA4700380281 /* ViewController.swift */,
				8441EFD9224AEA4700380281 /* Main.storyboard */,
				8441EFDC224AEA4800380281 /* Assets.xcassets */,
				8441EFDE224AEA4800380281 /* LaunchScreen.storyboard */,
				8441EFE1224AEA4800380281 /* Info.plist */,
			);
			path = "4-button";
			sourceTree = "<group>";
		};
		8441EFE9224AEA4800380281 /* 4-buttonUITests */ = {
			isa = PBXGroup;
			children = (
				8441EFEA224AEA4800380281 /* __buttonUITests.swift */,
				8441EFEC224AEA4800380281 /* Info.plist */,
			);
			path = "4-buttonUITests";
			sourceTree = "<group>";
		};
/* End PBXGroup section */

/* Begin PBXNativeTarget section */
		8441EFD1224AEA4700380281 /* 4-button */ = {
			isa = PBXNativeTarget;
			buildConfigurationList = 8441EFEF224AEA4800380281 /* Build configuration list for PBXNativeTarget "4-button" */;
			buildPhases = (
				8441EFCE224AEA4700380281 /* Sources */,
				8441EFCF224AEA4700380281 /* Frameworks */,
				8441EFD0224AEA4700380281 /* Resources */,
			);
			buildRules = (
			);
			dependencies = (
			);
			name = "4-button";
			productName = "4-button";
			productReference = 8441EFD2224AEA4700380281 /* 4-button.app */;
			productType = "com.apple.product-type.application";
		};
		8441EFE5224AEA4800380281 /* 4-buttonUITests */ = {
			isa = PBXNativeTarget;
			buildConfigurationList = 8441EFF2224AEA4800380281 /* Build configuration list for PBXNativeTarget "4-buttonUITests" */;
			buildPhases = (
				8441EFE2224AEA4800380281 /* Sources */,
				8441EFE3224AEA4800380281 /* Frameworks */,
				8441EFE4224AEA4800380281 /* Resources */,
			);
			buildRules = (
			);
			dependencies = (
				8441EFE8224AEA4800380281 /* PBXTargetDependency */,
			);
			name = "4-buttonUITests";
			productName = "4-buttonUITests";
			productReference = 8441EFE6224AEA4800380281 /* 4-buttonUITests.xctest */;
			productType = "com.apple.product-type.bundle.ui-testing";
		};
/* End PBXNativeTarget section */

/* Begin PBXProject section */
		8441EFCA224AEA4700380281 /* Project object */ = {
			isa = PBXProject;
			attributes = {
				LastSwiftUpdateCheck = 1010;
				LastUpgradeCheck = 1010;
				ORGANIZATIONNAME = Nikatec;
				TargetAttributes = {
					8441EFD1224AEA4700380281 = {
						CreatedOnToolsVersion = 10.1;
					};
					8441EFE5224AEA4800380281 = {
						CreatedOnToolsVersion = 10.1;
						TestTargetID = 8441EFD1224AEA4700380281;
					};
				};
			};
			buildConfigurationList = 8441EFCD224AEA4700380281 /* Build configuration list for PBXProject "4-button" */;
			compatibilityVersion = "Xcode 9.3";
			developmentRegion = en;
			hasScannedForEncodings = 0;
			knownRegions = (
				en,
				Base,
			);
			mainGroup = 8441EFC9224AEA4700380281;
			productRefGroup = 8441EFD3224AEA4700380281 /* Products */;
			projectDirPath = "";
			projectRoot = "";
			targets = (
				8441EFD1224AEA4700380281 /* 4-button */,
				8441EFE5224AEA4800380281 /* 4-buttonUITests */,
			);
		};
/* End PBXProject section */

/* Begin PBXResourcesBuildPhase section */
		8441EFD0224AEA4700380281 /* Resources */ = {
			isa = PBXResourcesBuildPhase;
			buildActionMask = 2147483647;
			files = (
				8441EFE0224AEA4800380281 /* LaunchScreen.storyboard in Resources */,
				8441EFDD224AEA4800380281 /* Assets.xcassets in Resources */,
				8441EFDB224AEA4700380281 /* Main.storyboard in Resources */,
			);
			runOnlyForDeploymentPostprocessing = 0;
		};
		8441EFE4224AEA4800380281 /* Resources */ = {
			isa = PBXResourcesBuildPhase;
			buildActionMask = 2147483647;
			files = (
			);
			runOnlyForDeploymentPostprocessing = 0;
		};
/* End PBXResourcesBuildPhase section */

/* Begin PBXSourcesBuildPhase section */
		8441EFCE224AEA4700380281 /* Sources */ = {
			isa = PBXSourcesBuildPhase;
			buildActionMask = 2147483647;
			files = (
				8441EFD8224AEA4700380281 /* ViewController.swift in Sources */,
				8441EFD6224AEA4700380281 /* AppDelegate.swift in Sources */,
			);
			runOnlyForDeploymentPostprocessing = 0;
		};
		8441EFE2224AEA4800380281 /* Sources */ = {
			isa = PBXSourcesBuildPhase;
			buildActionMask = 2147483647;
			files = (
				8441EFEB224AEA4800380281 /* __buttonUITests.swift in Sources */,
			);
			runOnlyForDeploymentPostprocessing = 0;
		};
/* End PBXSourcesBuildPhase section */

/* Begin PBXTargetDependency section */
		8441EFE8224AEA4800380281 /* PBXTargetDependency */ = {
			isa = PBXTargetDependency;
			target = 8441EFD1224AEA4700380281 /* 4-button */;
			targetProxy = 8441EFE7224AEA4800380281 /* PBXContainerItemProxy */;
		};
/* End PBXTargetDependency section */

/* Begin PBXVariantGroup section */
		8441EFD9224AEA4700380281 /* Main.storyboard */ = {
			isa = PBXVariantGroup;
			children = (
				8441EFDA224AEA4700380281 /* Base */,
			);
			name = Main.storyboard;
			sourceTree = "<group>";
		};
		8441EFDE224AEA4800380281 /* LaunchScreen.storyboard */ = {
			isa = PBXVariantGroup;
			children = (
				8441EFDF224AEA4800380281 /* Base */,
			);
			name = LaunchScreen.storyboard;
			sourceTree = "<group>";
		};
/* End PBXVariantGroup section */

/* Begin XCBuildConfiguration section */
		8441EFED224AEA4800380281 /* Debug */ = {
			isa = XCBuildConfiguration;
			buildSettings = {
				ALWAYS_SEARCH_USER_PATHS = NO;
				CLANG_ANALYZER_NONNULL = YES;
				CLANG_ANALYZER_NUMBER_OBJECT_CONVERSION = YES_AGGRESSIVE;
				CLANG_CXX_LANGUAGE_STANDARD = "gnu++14";
				CLANG_CXX_LIBRARY = "libc++";
				CLANG_ENABLE_MODULES = YES;
				CLANG_ENABLE_OBJC_ARC = YES;
				CLANG_ENABLE_OBJC_WEAK = YES;
				CLANG_WARN_BLOCK_CAPTURE_AUTORELEASING = YES;
				CLANG_WARN_BOOL_CONVERSION = YES;
				CLANG_WARN_COMMA = YES;
				CLANG_WARN_CONSTANT_CONVERSION = YES;
				CLANG_WARN_DEPRECATED_OBJC_IMPLEMENTATIONS = YES;
				CLANG_WARN_DIRECT_OBJC_ISA_USAGE = YES_ERROR;
				CLANG_WARN_DOCUMENTATION_COMMENTS = YES;
				CLANG_WARN_EMPTY_BODY = YES;
				CLANG_WARN_ENUM_CONVERSION = YES;
				CLANG_WARN_INFINITE_RECURSION = YES;
				CLANG_WARN_INT_CONVERSION = YES;
				CLANG_WARN_NON_LITERAL_NULL_CONVERSION = YES;
				CLANG_WARN_OBJC_IMPLICIT_RETAIN_SELF = YES;
				CLANG_WARN_OBJC_LITERAL_CONVERSION = YES;
				CLANG_WARN_OBJC_ROOT_CLASS = YES_ERROR;
				CLANG_WARN_RANGE_LOOP_ANALYSIS = YES;
				CLANG_WARN_STRICT_PROTOTYPES = YES;
				CLANG_WARN_SUSPICIOUS_MOVE = YES;
				CLANG_WARN_UNGUARDED_AVAILABILITY = YES_AGGRESSIVE;
				CLANG_WARN_UNREACHABLE_CODE = YES;
				CLANG_WARN__DUPLICATE_METHOD_MATCH = YES;
				CODE_SIGN_IDENTITY = "iPhone Developer";
				COPY_PHASE_STRIP = NO;
				DEBUG_INFORMATION_FORMAT = dwarf;
				ENABLE_STRICT_OBJC_MSGSEND = YES;
				ENABLE_TESTABILITY = YES;
				GCC_C_LANGUAGE_STANDARD = gnu11;
				GCC_DYNAMIC_NO_PIC = NO;
				GCC_NO_COMMON_BLOCKS = YES;
				GCC_OPTIMIZATION_LEVEL = 0;
				GCC_PREPROCESSOR_DEFINITIONS = (
					"DEBUG=1",
					"$(inherited)",
				);
				GCC_WARN_64_TO_32_BIT_CONVERSION = YES;
				GCC_WARN_ABOUT_RETURN_TYPE = YES_ERROR;
				GCC_WARN_UNDECLARED_SELECTOR = YES;
				GCC_WARN_UNINITIALIZED_AUTOS = YES_AGGRESSIVE;
				GCC_WARN_UNUSED_FUNCTION = YES;
				GCC_WARN_UNUSED_VARIABLE = YES;
				IPHONEOS_DEPLOYMENT_TARGET = 12.1;
				MTL_ENABLE_DEBUG_INFO = INCLUDE_SOURCE;
				MTL_FAST_MATH = YES;
				ONLY_ACTIVE_ARCH = YES;
				SDKROOT = iphoneos;
				SWIFT_ACTIVE_COMPILATION_CONDITIONS = DEBUG;
				SWIFT_OPTIMIZATION_LEVEL = "-Onone";
			};
			name = Debug;
		};
		8441EFEE224AEA4800380281 /* Release */ = {
			isa = XCBuildConfiguration;
			buildSettings = {
				ALWAYS_SEARCH_USER_PATHS = NO;
				CLANG_ANALYZER_NONNULL = YES;
				CLANG_ANALYZER_NUMBER_OBJECT_CONVERSION = YES_AGGRESSIVE;
				CLANG_CXX_LANGUAGE_STANDARD = "gnu++14";
				CLANG_CXX_LIBRARY = "libc++";
				CLANG_ENABLE_MODULES = YES;
				CLANG_ENABLE_OBJC_ARC = YES;
				CLANG_ENABLE_OBJC_WEAK = YES;
				CLANG_WARN_BLOCK_CAPTURE_AUTORELEASING = YES;
				CLANG_WARN_BOOL_CONVERSION = YES;
				CLANG_WARN_COMMA = YES;
				CLANG_WARN_CONSTANT_CONVERSION = YES;
				CLANG_WARN_DEPRECATED_OBJC_IMPLEMENTATIONS = YES;
				CLANG_WARN_DIRECT_OBJC_ISA_USAGE = YES_ERROR;
				CLANG_WARN_DOCUMENTATION_COMMENTS = YES;
				CLANG_WARN_EMPTY_BODY = YES;
				CLANG_WARN_ENUM_CONVERSION = YES;
				CLANG_WARN_INFINITE_RECURSION = YES;
				CLANG_WARN_INT_CONVERSION = YES;
				CLANG_WARN_NON_LITERAL_NULL_CONVERSION = YES;
				CLANG_WARN_OBJC_IMPLICIT_RETAIN_SELF = YES;
				CLANG_WARN_OBJC_LITERAL_CONVERSION = YES;
				CLANG_WARN_OBJC_ROOT_CLASS = YES_ERROR;
				CLANG_WARN_RANGE_LOOP_ANALYSIS = YES;
				CLANG_WARN_STRICT_PROTOTYPES = YES;
				CLANG_WARN_SUSPICIOUS_MOVE = YES;
				CLANG_WARN_UNGUARDED_AVAILABILITY = YES_AGGRESSIVE;
				CLANG_WARN_UNREACHABLE_CODE = YES;
				CLANG_WARN__DUPLICATE_METHOD_MATCH = YES;
				CODE_SIGN_IDENTITY = "iPhone Developer";
				COPY_PHASE_STRIP = NO;
				DEBUG_INFORMATION_FORMAT = "dwarf-with-dsym";
				ENABLE_NS_ASSERTIONS = NO;
				ENABLE_STRICT_OBJC_MSGSEND = YES;
				GCC_C_LANGUAGE_STANDARD = gnu11;
				GCC_NO_COMMON_BLOCKS = YES;
				GCC_WARN_64_TO_32_BIT_CONVERSION = YES;
				GCC_WARN_ABOUT_RETURN_TYPE = YES_ERROR;
				GCC_WARN_UNDECLARED_SELECTOR = YES;
				GCC_WARN_UNINITIALIZED_AUTOS = YES_AGGRESSIVE;
				GCC_WARN_UNUSED_FUNCTION = YES;
				GCC_WARN_UNUSED_VARIABLE = YES;
				IPHONEOS_DEPLOYMENT_TARGET = 12.1;
				MTL_ENABLE_DEBUG_INFO = NO;
				MTL_FAST_MATH = YES;
				SDKROOT = iphoneos;
				SWIFT_COMPILATION_MODE = wholemodule;
				SWIFT_OPTIMIZATION_LEVEL = "-O";
				VALIDATE_PRODUCT = YES;
			};
			name = Release;
		};
		8441EFF0224AEA4800380281 /* Debug */ = {
			isa = XCBuildConfiguration;
			buildSettings = {
				ASSETCATALOG_COMPILER_APPICON_NAME = AppIcon;
				CODE_SIGN_STYLE = Automatic;
				DEVELOPMENT_TEAM = L6H723J234;
				INFOPLIST_FILE = "4-button/Info.plist";
				LD_RUNPATH_SEARCH_PATHS = (
					"$(inherited)",
					"@executable_path/Frameworks",
				);
				PRODUCT_BUNDLE_IDENTIFIER = "com.nikatec.4button.--button";
				PRODUCT_NAME = "$(TARGET_NAME)";
				SWIFT_VERSION = 4.2;
				TARGETED_DEVICE_FAMILY = "1,2";
			};
			name = Debug;
		};
		8441EFF1224AEA4800380281 /* Release */ = {
			isa = XCBuildConfiguration;
			buildSettings = {
				ASSETCATALOG_COMPILER_APPICON_NAME = AppIcon;
				CODE_SIGN_STYLE = Automatic;
				DEVELOPMENT_TEAM = L6H723J234;
				INFOPLIST_FILE = "4-button/Info.plist";
				LD_RUNPATH_SEARCH_PATHS = (
					"$(inherited)",
					"@executable_path/Frameworks",
				);
				PRODUCT_BUNDLE_IDENTIFIER = "com.nikatec.4button.--button";
				PRODUCT_NAME = "$(TARGET_NAME)";
				SWIFT_VERSION = 4.2;
				TARGETED_DEVICE_FAMILY = "1,2";
			};
			name = Release;
		};
		8441EFF3224AEA4800380281 /* Debug */ = {
			isa = XCBuildConfiguration;
			buildSettings = {
				ALWAYS_EMBED_SWIFT_STANDARD_LIBRARIES = YES;
				CODE_SIGN_STYLE = Automatic;
				DEVELOPMENT_TEAM = L6H723J234;
				INFOPLIST_FILE = "4-buttonUITests/Info.plist";
				LD_RUNPATH_SEARCH_PATHS = (
					"$(inherited)",
					"@executable_path/Frameworks",
					"@loader_path/Frameworks",
				);
				PRODUCT_BUNDLE_IDENTIFIER = "com.nikatec.4button.--buttonUITests";
				PRODUCT_NAME = "$(TARGET_NAME)";
				SWIFT_VERSION = 4.2;
				TARGETED_DEVICE_FAMILY = "1,2";
				TEST_TARGET_NAME = "4-button";
			};
			name = Debug;
		};
		8441EFF4224AEA4800380281 /* Release */ = {
			isa = XCBuildConfiguration;
			buildSettings = {
				ALWAYS_EMBED_SWIFT_STANDARD_LIBRARIES = YES;
				CODE_SIGN_STYLE = Automatic;
				DEVELOPMENT_TEAM = L6H723J234;
				INFOPLIST_FILE = "4-buttonUITests/Info.plist";
				LD_RUNPATH_SEARCH_PATHS = (
					"$(inherited)",
					"@executable_path/Frameworks",
					"@loader_path/Frameworks",
				);
				PRODUCT_BUNDLE_IDENTIFIER = "com.nikatec.4button.--buttonUITests";
				PRODUCT_NAME = "$(TARGET_NAME)";
				SWIFT_VERSION = 4.2;
				TARGETED_DEVICE_FAMILY = "1,2";
				TEST_TARGET_NAME = "4-button";
			};
			name = Release;
		};
/* End XCBuildConfiguration section */

/* Begin XCConfigurationList section */
		8441EFCD224AEA4700380281 /* Build configuration list for PBXProject "4-button" */ = {
			isa = XCConfigurationList;
			buildConfigurations = (
				8441EFED224AEA4800380281 /* Debug */,
				8441EFEE224AEA4800380281 /* Release */,
			);
			defaultConfigurationIsVisible = 0;
			defaultConfigurationName = Release;
		};
		8441EFEF224AEA4800380281 /* Build configuration list for PBXNativeTarget "4-button" */ = {
			isa = XCConfigurationList;
			buildConfigurations = (
				8441EFF0224AEA4800380281 /* Debug */,
				8441EFF1224AEA4800380281 /* Release */,
			);
			defaultConfigurationIsVisible = 0;
			defaultConfigurationName = Release;
		};
		8441EFF2224AEA4800380281 /* Build configuration list for PBXNativeTarget "4-buttonUITests" */ = {
			isa = XCConfigurationList;
			buildConfigurations = (
				8441EFF3224AEA4800380281 /* Debug */,
				8441EFF4224AEA4800380281 /* Release */,
			);
			defaultConfigurationIsVisible = 0;
			defaultConfigurationName = Release;
		};
/* End XCConfigurationList section */
	};
	rootObject = 8441EFCA224AEA4700380281 /* Project object */;
}
